
Microsoft Visual Studio Solution File, Format Version 12.00
# Visual Studio Version 16
VisualStudioVersion = 16.0.31613.86
MinimumVisualStudioVersion = 10.0.40219.1
Project("{FAE04EC0-301F-11D3-BF4B-00C04F79EFBC}") = "Ejercicio2", "Ejercicio2\Ejercicio2.csproj", "{873E2BA6-F384-4C95-8AE1-6B76D89BCBAD}"
EndProject
Global
	GlobalSection(SolutionConfigurationPlatforms) = preSolution
		Debug|Any CPU = Debug|Any CPU
		Release|Any CPU = Release|Any CPU
	EndGlobalSection
	GlobalSection(ProjectConfigurationPlatforms) = postSolution
		{873E2BA6-F384-4C95-8AE1-6B76D89BCBAD}.Debug|Any CPU.ActiveCfg = Debug|Any CPU
		{873E2BA6-F384-4C95-8AE1-6B76D89BCBAD}.Debug|Any CPU.Build.0 = Debug|Any CPU
		{873E2BA6-F384-4C95-8AE1-6B76D89BCBAD}.Release|Any CPU.ActiveCfg = Release|Any CPU
		{873E2BA6-F384-4C95-8AE1-6B76D89BCBAD}.Release|Any CPU.Build.0 = Release|Any CPU
	EndGlobalSection
	GlobalSection(SolutionProperties) = preSolution
		HideSolutionNode = FALSE
	EndGlobalSection
	GlobalSection(ExtensibilityGlobals) = postSolution
		SolutionGuid = {B42CFDC7-F9E0-4CAB-BEDF-875E4B9BB489}
	EndGlobalSection
EndGlobal
