
Microsoft Visual Studio Solution File, Format Version 12.00
# Visual Studio Version 16
VisualStudioVersion = 16.0.31613.86
MinimumVisualStudioVersion = 10.0.40219.1
Project("{FAE04EC0-301F-11D3-BF4B-00C04F79EFBC}") = "Ejercicio1", "Ejercicio1\Ejercicio1.csproj", "{BEFEB109-E2ED-4C28-A675-96BA7D3356DB}"
EndProject
Global
	GlobalSection(SolutionConfigurationPlatforms) = preSolution
		Debug|Any CPU = Debug|Any CPU
		Release|Any CPU = Release|Any CPU
	EndGlobalSection
	GlobalSection(ProjectConfigurationPlatforms) = postSolution
		{BEFEB109-E2ED-4C28-A675-96BA7D3356DB}.Debug|Any CPU.ActiveCfg = Debug|Any CPU
		{BEFEB109-E2ED-4C28-A675-96BA7D3356DB}.Debug|Any CPU.Build.0 = Debug|Any CPU
		{BEFEB109-E2ED-4C28-A675-96BA7D3356DB}.Release|Any CPU.ActiveCfg = Release|Any CPU
		{BEFEB109-E2ED-4C28-A675-96BA7D3356DB}.Release|Any CPU.Build.0 = Release|Any CPU
	EndGlobalSection
	GlobalSection(SolutionProperties) = preSolution
		HideSolutionNode = FALSE
	EndGlobalSection
	GlobalSection(ExtensibilityGlobals) = postSolution
		SolutionGuid = {1D68FF80-6375-45A7-A23E-1585B0FD707B}
	EndGlobalSection
EndGlobal
